
Microsoft Visual Studio Solution File, Format Version 12.00
# Visual Studio 15
VisualStudioVersion = 15.0.28307.421
MinimumVisualStudioVersion = 10.0.40219.1
Project("{8BC9CEB8-8B4A-11D0-8D11-00A0C91BC942}") = "Ex1", "Ex1\Ex1.vcxproj", "{FF052B19-300C-4A9F-AFA0-FA5B4FE7BED7}"
EndProject
Project("{8BC9CEB8-8B4A-11D0-8D11-00A0C91BC942}") = "Ex2", "Ex2\Ex2.vcxproj", "{6CAFCC23-AA14-41D5-9DE1-FF46F5E0D8B8}"
EndProject
Project("{8BC9CEB8-8B4A-11D0-8D11-00A0C91BC942}") = "Ex3", "Ex3\Ex3.vcxproj", "{FB70C017-B302-4D3D-A1E8-043A8D393A03}"
EndProject
Project("{8BC9CEB8-8B4A-11D0-8D11-00A0C91BC942}") = "Ex4", "Ex4\Ex4.vcxproj", "{6B2D9858-85A9-4D4C-A394-3071A290FBD4}"
EndProject
Project("{8BC9CEB8-8B4A-11D0-8D11-00A0C91BC942}") = "Ex5", "Ex5\Ex5.vcxproj", "{A1897300-B9C6-4DF6-82D8-0B4DF6205B22}"
EndProject
Project("{8BC9CEB8-8B4A-11D0-8D11-00A0C91BC942}") = "Ex6", "Ex6\Ex6.vcxproj", "{20F5E4D5-C117-459F-A8BA-D609F3A10304}"
EndProject
Project("{8BC9CEB8-8B4A-11D0-8D11-00A0C91BC942}") = "Ex7", "Ex7\Ex7.vcxproj", "{4FBA2F7A-F352-4F85-977D-1BFDB01A4864}"
EndProject
Project("{8BC9CEB8-8B4A-11D0-8D11-00A0C91BC942}") = "Ex8", "Ex8\Ex8.vcxproj", "{E75C470C-8C62-4943-8F16-18FD6F86C86F}"
EndProject
Project("{8BC9CEB8-8B4A-11D0-8D11-00A0C91BC942}") = "Ex9", "Ex9\Ex9.vcxproj", "{18A3B973-0237-46AF-8880-AEFF6E3EA080}"
EndProject
Project("{8BC9CEB8-8B4A-11D0-8D11-00A0C91BC942}") = "Ex10", "Ex10\Ex10.vcxproj", "{BFA96EB2-7964-49AD-8563-DC0FE5B1F928}"
EndProject
Project("{8BC9CEB8-8B4A-11D0-8D11-00A0C91BC942}") = "Ex11", "Ex11\Ex11.vcxproj", "{2BBF3CA1-536B-4179-AF47-5E59B52203A4}"
EndProject
Project("{8BC9CEB8-8B4A-11D0-8D11-00A0C91BC942}") = "Ex12", "Ex12\Ex12.vcxproj", "{E26B3168-D513-4CA6-881B-3F51D5FF6554}"
EndProject
Project("{8BC9CEB8-8B4A-11D0-8D11-00A0C91BC942}") = "Ex13", "Ex13\Ex13.vcxproj", "{95A18D98-1847-4464-A7DE-1CDBA332D163}"
EndProject
Global
	GlobalSection(SolutionConfigurationPlatforms) = preSolution
		Debug|x64 = Debug|x64
		Debug|x86 = Debug|x86
		Release|x64 = Release|x64
		Release|x86 = Release|x86
	EndGlobalSection
	GlobalSection(ProjectConfigurationPlatforms) = postSolution
		{FF052B19-300C-4A9F-AFA0-FA5B4FE7BED7}.Debug|x64.ActiveCfg = Debug|x64
		{FF052B19-300C-4A9F-AFA0-FA5B4FE7BED7}.Debug|x64.Build.0 = Debug|x64
		{FF052B19-300C-4A9F-AFA0-FA5B4FE7BED7}.Debug|x86.ActiveCfg = Debug|Win32
		{FF052B19-300C-4A9F-AFA0-FA5B4FE7BED7}.Debug|x86.Build.0 = Debug|Win32
		{FF052B19-300C-4A9F-AFA0-FA5B4FE7BED7}.Release|x64.ActiveCfg = Release|x64
		{FF052B19-300C-4A9F-AFA0-FA5B4FE7BED7}.Release|x64.Build.0 = Release|x64
		{FF052B19-300C-4A9F-AFA0-FA5B4FE7BED7}.Release|x86.ActiveCfg = Release|Win32
		{FF052B19-300C-4A9F-AFA0-FA5B4FE7BED7}.Release|x86.Build.0 = Release|Win32
		{6CAFCC23-AA14-41D5-9DE1-FF46F5E0D8B8}.Debug|x64.ActiveCfg = Debug|x64
		{6CAFCC23-AA14-41D5-9DE1-FF46F5E0D8B8}.Debug|x64.Build.0 = Debug|x64
		{6CAFCC23-AA14-41D5-9DE1-FF46F5E0D8B8}.Debug|x86.ActiveCfg = Debug|Win32
		{6CAFCC23-AA14-41D5-9DE1-FF46F5E0D8B8}.Debug|x86.Build.0 = Debug|Win32
		{6CAFCC23-AA14-41D5-9DE1-FF46F5E0D8B8}.Release|x64.ActiveCfg = Release|x64
		{6CAFCC23-AA14-41D5-9DE1-FF46F5E0D8B8}.Release|x64.Build.0 = Release|x64
		{6CAFCC23-AA14-41D5-9DE1-FF46F5E0D8B8}.Release|x86.ActiveCfg = Release|Win32
		{6CAFCC23-AA14-41D5-9DE1-FF46F5E0D8B8}.Release|x86.Build.0 = Release|Win32
		{FB70C017-B302-4D3D-A1E8-043A8D393A03}.Debug|x64.ActiveCfg = Debug|x64
		{FB70C017-B302-4D3D-A1E8-043A8D393A03}.Debug|x64.Build.0 = Debug|x64
		{FB70C017-B302-4D3D-A1E8-043A8D393A03}.Debug|x86.ActiveCfg = Debug|Win32
		{FB70C017-B302-4D3D-A1E8-043A8D393A03}.Debug|x86.Build.0 = Debug|Win32
		{FB70C017-B302-4D3D-A1E8-043A8D393A03}.Release|x64.ActiveCfg = Release|x64
		{FB70C017-B302-4D3D-A1E8-043A8D393A03}.Release|x64.Build.0 = Release|x64
		{FB70C017-B302-4D3D-A1E8-043A8D393A03}.Release|x86.ActiveCfg = Release|Win32
		{FB70C017-B302-4D3D-A1E8-043A8D393A03}.Release|x86.Build.0 = Release|Win32
		{6B2D9858-85A9-4D4C-A394-3071A290FBD4}.Debug|x64.ActiveCfg = Debug|x64
		{6B2D9858-85A9-4D4C-A394-3071A290FBD4}.Debug|x64.Build.0 = Debug|x64
		{6B2D9858-85A9-4D4C-A394-3071A290FBD4}.Debug|x86.ActiveCfg = Debug|Win32
		{6B2D9858-85A9-4D4C-A394-3071A290FBD4}.Debug|x86.Build.0 = Debug|Win32
		{6B2D9858-85A9-4D4C-A394-3071A290FBD4}.Release|x64.ActiveCfg = Release|x64
		{6B2D9858-85A9-4D4C-A394-3071A290FBD4}.Release|x64.Build.0 = Release|x64
		{6B2D9858-85A9-4D4C-A394-3071A290FBD4}.Release|x86.ActiveCfg = Release|Win32
		{6B2D9858-85A9-4D4C-A394-3071A290FBD4}.Release|x86.Build.0 = Release|Win32
		{A1897300-B9C6-4DF6-82D8-0B4DF6205B22}.Debug|x64.ActiveCfg = Debug|x64
		{A1897300-B9C6-4DF6-82D8-0B4DF6205B22}.Debug|x64.Build.0 = Debug|x64
		{A1897300-B9C6-4DF6-82D8-0B4DF6205B22}.Debug|x86.ActiveCfg = Debug|Win32
		{A1897300-B9C6-4DF6-82D8-0B4DF6205B22}.Debug|x86.Build.0 = Debug|Win32
		{A1897300-B9C6-4DF6-82D8-0B4DF6205B22}.Release|x64.ActiveCfg = Release|x64
		{A1897300-B9C6-4DF6-82D8-0B4DF6205B22}.Release|x64.Build.0 = Release|x64
		{A1897300-B9C6-4DF6-82D8-0B4DF6205B22}.Release|x86.ActiveCfg = Release|Win32
		{A1897300-B9C6-4DF6-82D8-0B4DF6205B22}.Release|x86.Build.0 = Release|Win32
		{20F5E4D5-C117-459F-A8BA-D609F3A10304}.Debug|x64.ActiveCfg = Debug|x64
		{20F5E4D5-C117-459F-A8BA-D609F3A10304}.Debug|x64.Build.0 = Debug|x64
		{20F5E4D5-C117-459F-A8BA-D609F3A10304}.Debug|x86.ActiveCfg = Debug|Win32
		{20F5E4D5-C117-459F-A8BA-D609F3A10304}.Debug|x86.Build.0 = Debug|Win32
		{20F5E4D5-C117-459F-A8BA-D609F3A10304}.Release|x64.ActiveCfg = Release|x64
		{20F5E4D5-C117-459F-A8BA-D609F3A10304}.Release|x64.Build.0 = Release|x64
		{20F5E4D5-C117-459F-A8BA-D609F3A10304}.Release|x86.ActiveCfg = Release|Win32
		{20F5E4D5-C117-459F-A8BA-D609F3A10304}.Release|x86.Build.0 = Release|Win32
		{4FBA2F7A-F352-4F85-977D-1BFDB01A4864}.Debug|x64.ActiveCfg = Debug|x64
		{4FBA2F7A-F352-4F85-977D-1BFDB01A4864}.Debug|x64.Build.0 = Debug|x64
		{4FBA2F7A-F352-4F85-977D-1BFDB01A4864}.Debug|x86.ActiveCfg = Debug|Win32
		{4FBA2F7A-F352-4F85-977D-1BFDB01A4864}.Debug|x86.Build.0 = Debug|Win32
		{4FBA2F7A-F352-4F85-977D-1BFDB01A4864}.Release|x64.ActiveCfg = Release|x64
		{4FBA2F7A-F352-4F85-977D-1BFDB01A4864}.Release|x64.Build.0 = Release|x64
		{4FBA2F7A-F352-4F85-977D-1BFDB01A4864}.Release|x86.ActiveCfg = Release|Win32
		{4FBA2F7A-F352-4F85-977D-1BFDB01A4864}.Release|x86.Build.0 = Release|Win32
		{E75C470C-8C62-4943-8F16-18FD6F86C86F}.Debug|x64.ActiveCfg = Debug|x64
		{E75C470C-8C62-4943-8F16-18FD6F86C86F}.Debug|x64.Build.0 = Debug|x64
		{E75C470C-8C62-4943-8F16-18FD6F86C86F}.Debug|x86.ActiveCfg = Debug|Win32
		{E75C470C-8C62-4943-8F16-18FD6F86C86F}.Debug|x86.Build.0 = Debug|Win32
		{E75C470C-8C62-4943-8F16-18FD6F86C86F}.Release|x64.ActiveCfg = Release|x64
		{E75C470C-8C62-4943-8F16-18FD6F86C86F}.Release|x64.Build.0 = Release|x64
		{E75C470C-8C62-4943-8F16-18FD6F86C86F}.Release|x86.ActiveCfg = Release|Win32
		{E75C470C-8C62-4943-8F16-18FD6F86C86F}.Release|x86.Build.0 = Release|Win32
		{18A3B973-0237-46AF-8880-AEFF6E3EA080}.Debug|x64.ActiveCfg = Debug|x64
		{18A3B973-0237-46AF-8880-AEFF6E3EA080}.Debug|x64.Build.0 = Debug|x64
		{18A3B973-0237-46AF-8880-AEFF6E3EA080}.Debug|x86.ActiveCfg = Debug|Win32
		{18A3B973-0237-46AF-8880-AEFF6E3EA080}.Debug|x86.Build.0 = Debug|Win32
		{18A3B973-0237-46AF-8880-AEFF6E3EA080}.Release|x64.ActiveCfg = Release|x64
		{18A3B973-0237-46AF-8880-AEFF6E3EA080}.Release|x64.Build.0 = Release|x64
		{18A3B973-0237-46AF-8880-AEFF6E3EA080}.Release|x86.ActiveCfg = Release|Win32
		{18A3B973-0237-46AF-8880-AEFF6E3EA080}.Release|x86.Build.0 = Release|Win32
		{BFA96EB2-7964-49AD-8563-DC0FE5B1F928}.Debug|x64.ActiveCfg = Debug|x64
		{BFA96EB2-7964-49AD-8563-DC0FE5B1F928}.Debug|x64.Build.0 = Debug|x64
		{BFA96EB2-7964-49AD-8563-DC0FE5B1F928}.Debug|x86.ActiveCfg = Debug|Win32
		{BFA96EB2-7964-49AD-8563-DC0FE5B1F928}.Debug|x86.Build.0 = Debug|Win32
		{BFA96EB2-7964-49AD-8563-DC0FE5B1F928}.Release|x64.ActiveCfg = Release|x64
		{BFA96EB2-7964-49AD-8563-DC0FE5B1F928}.Release|x64.Build.0 = Release|x64
		{BFA96EB2-7964-49AD-8563-DC0FE5B1F928}.Release|x86.ActiveCfg = Release|Win32
		{BFA96EB2-7964-49AD-8563-DC0FE5B1F928}.Release|x86.Build.0 = Release|Win32
		{2BBF3CA1-536B-4179-AF47-5E59B52203A4}.Debug|x64.ActiveCfg = Debug|x64
		{2BBF3CA1-536B-4179-AF47-5E59B52203A4}.Debug|x64.Build.0 = Debug|x64
		{2BBF3CA1-536B-4179-AF47-5E59B52203A4}.Debug|x86.ActiveCfg = Debug|Win32
		{2BBF3CA1-536B-4179-AF47-5E59B52203A4}.Debug|x86.Build.0 = Debug|Win32
		{2BBF3CA1-536B-4179-AF47-5E59B52203A4}.Release|x64.ActiveCfg = Release|x64
		{2BBF3CA1-536B-4179-AF47-5E59B52203A4}.Release|x64.Build.0 = Release|x64
		{2BBF3CA1-536B-4179-AF47-5E59B52203A4}.Release|x86.ActiveCfg = Release|Win32
		{2BBF3CA1-536B-4179-AF47-5E59B52203A4}.Release|x86.Build.0 = Release|Win32
		{E26B3168-D513-4CA6-881B-3F51D5FF6554}.Debug|x64.ActiveCfg = Debug|x64
		{E26B3168-D513-4CA6-881B-3F51D5FF6554}.Debug|x64.Build.0 = Debug|x64
		{E26B3168-D513-4CA6-881B-3F51D5FF6554}.Debug|x86.ActiveCfg = Debug|Win32
		{E26B3168-D513-4CA6-881B-3F51D5FF6554}.Debug|x86.Build.0 = Debug|Win32
		{E26B3168-D513-4CA6-881B-3F51D5FF6554}.Release|x64.ActiveCfg = Release|x64
		{E26B3168-D513-4CA6-881B-3F51D5FF6554}.Release|x64.Build.0 = Release|x64
		{E26B3168-D513-4CA6-881B-3F51D5FF6554}.Release|x86.ActiveCfg = Release|Win32
		{E26B3168-D513-4CA6-881B-3F51D5FF6554}.Release|x86.Build.0 = Release|Win32
		{95A18D98-1847-4464-A7DE-1CDBA332D163}.Debug|x64.ActiveCfg = Debug|x64
		{95A18D98-1847-4464-A7DE-1CDBA332D163}.Debug|x64.Build.0 = Debug|x64
		{95A18D98-1847-4464-A7DE-1CDBA332D163}.Debug|x86.ActiveCfg = Debug|Win32
		{95A18D98-1847-4464-A7DE-1CDBA332D163}.Debug|x86.Build.0 = Debug|Win32
		{95A18D98-1847-4464-A7DE-1CDBA332D163}.Release|x64.ActiveCfg = Release|x64
		{95A18D98-1847-4464-A7DE-1CDBA332D163}.Release|x64.Build.0 = Release|x64
		{95A18D98-1847-4464-A7DE-1CDBA332D163}.Release|x86.ActiveCfg = Release|Win32
		{95A18D98-1847-4464-A7DE-1CDBA332D163}.Release|x86.Build.0 = Release|Win32
	EndGlobalSection
	GlobalSection(SolutionProperties) = preSolution
		HideSolutionNode = FALSE
	EndGlobalSection
	GlobalSection(ExtensibilityGlobals) = postSolution
		SolutionGuid = {0040C708-F922-427F-8B83-D5C1FAFF120D}
	EndGlobalSection
EndGlobal
